
Microsoft Visual Studio Solution File, Format Version 12.00
# Visual Studio Version 16
VisualStudioVersion = 16.0.31829.152
MinimumVisualStudioVersion = 10.0.40219.1
Project("{FAE04EC0-301F-11D3-BF4B-00C04F79EFBC}") = "CalculadoraOrmo", "CalculadoraOrmo\CalculadoraOrmo.csproj", "{5926EE34-4A1B-4258-B673-4E7F8BC6ECA0}"
EndProject
Global
	GlobalSection(SolutionConfigurationPlatforms) = preSolution
		Debug|Any CPU = Debug|Any CPU
		Release|Any CPU = Release|Any CPU
	EndGlobalSection
	GlobalSection(ProjectConfigurationPlatforms) = postSolution
		{5926EE34-4A1B-4258-B673-4E7F8BC6ECA0}.Debug|Any CPU.ActiveCfg = Debug|Any CPU
		{5926EE34-4A1B-4258-B673-4E7F8BC6ECA0}.Debug|Any CPU.Build.0 = Debug|Any CPU
		{5926EE34-4A1B-4258-B673-4E7F8BC6ECA0}.Release|Any CPU.ActiveCfg = Release|Any CPU
		{5926EE34-4A1B-4258-B673-4E7F8BC6ECA0}.Release|Any CPU.Build.0 = Release|Any CPU
	EndGlobalSection
	GlobalSection(SolutionProperties) = preSolution
		HideSolutionNode = FALSE
	EndGlobalSection
	GlobalSection(ExtensibilityGlobals) = postSolution
		SolutionGuid = {8E7339AF-11D8-423D-B34E-5920FB05A0D7}
	EndGlobalSection
EndGlobal
